
Microsoft Visual Studio Solution File, Format Version 12.00
# Visual Studio 15
Project("{FAE04EC0-301F-11D3-BF4B-00C04F79EFBC}") = "Assembly-CSharp", "Assembly-CSharp.csproj", "{40645C46-37E0-F0D7-1226-92045F472180}"
EndProject
Project("{FAE04EC0-301F-11D3-BF4B-00C04F79EFBC}") = "Unity.XR.Interaction.Toolkit.Samples.StarterAssets", "Unity.XR.Interaction.Toolkit.Samples.StarterAssets.csproj", "{922909AA-8D8C-F7EB-C2EA-28AC5CD05733}"
EndProject
Project("{FAE04EC0-301F-11D3-BF4B-00C04F79EFBC}") = "Unity.XR.Interaction.Toolkit.Samples.StarterAssets.Editor", "Unity.XR.Interaction.Toolkit.Samples.StarterAssets.Editor.csproj", "{0CC2FEDF-72F4-E853-D5F4-C6FA9BA9C185}"
EndProject
Global
	GlobalSection(SolutionConfigurationPlatforms) = preSolution
		Debug|Any CPU = Debug|Any CPU
		Release|Any CPU = Release|Any CPU
	EndGlobalSection
	GlobalSection(ProjectConfigurationPlatforms) = postSolution
		{40645C46-37E0-F0D7-1226-92045F472180}.Debug|Any CPU.ActiveCfg = Debug|Any CPU
		{40645C46-37E0-F0D7-1226-92045F472180}.Debug|Any CPU.Build.0 = Debug|Any CPU
		{40645C46-37E0-F0D7-1226-92045F472180}.Release|Any CPU.ActiveCfg = Release|Any CPU
		{40645C46-37E0-F0D7-1226-92045F472180}.Release|Any CPU.Build.0 = Release|Any CPU
		{922909AA-8D8C-F7EB-C2EA-28AC5CD05733}.Debug|Any CPU.ActiveCfg = Debug|Any CPU
		{922909AA-8D8C-F7EB-C2EA-28AC5CD05733}.Debug|Any CPU.Build.0 = Debug|Any CPU
		{922909AA-8D8C-F7EB-C2EA-28AC5CD05733}.Release|Any CPU.ActiveCfg = Release|Any CPU
		{922909AA-8D8C-F7EB-C2EA-28AC5CD05733}.Release|Any CPU.Build.0 = Release|Any CPU
		{0CC2FEDF-72F4-E853-D5F4-C6FA9BA9C185}.Debug|Any CPU.ActiveCfg = Debug|Any CPU
		{0CC2FEDF-72F4-E853-D5F4-C6FA9BA9C185}.Debug|Any CPU.Build.0 = Debug|Any CPU
		{0CC2FEDF-72F4-E853-D5F4-C6FA9BA9C185}.Release|Any CPU.ActiveCfg = Release|Any CPU
		{0CC2FEDF-72F4-E853-D5F4-C6FA9BA9C185}.Release|Any CPU.Build.0 = Release|Any CPU
	EndGlobalSection
	GlobalSection(SolutionProperties) = preSolution
		HideSolutionNode = FALSE
	EndGlobalSection
EndGlobal
